// !$*UTF8*$!
{
	archiveVersion = 1;
	classes = {
	};
	objectVersion = 45;
	objects = {

/* Begin PBXBuildFile section */
		1DDD58160DA1D0A300B32029 /* MainMenu.xib in Resources */ = {isa = PBXBuildFile; fileRef = 1DDD58140DA1D0A300B32029 /* MainMenu.xib */; };
		8D11072B0486CEB800E47090 /* InfoPlist.strings in Resources */ = {isa = PBXBuildFile; fileRef = 089C165CFE840E0CC02AAC07 /* InfoPlist.strings */; };
		8D11072F0486CEB800E47090 /* Cocoa.framework in Frameworks */ = {isa = PBXBuildFile; fileRef = 1058C7A1FEA54F0111CA2CBB /* Cocoa.framework */; };
		D828F8AA12913795005CE8ED /* ItunesImportController.xib in Resources */ = {isa = PBXBuildFile; fileRef = D828F8A912913795005CE8ED /* ItunesImportController.xib */; };
		D828F8CB12918BCF005CE8ED /* libexpat.dylib in Frameworks */ = {isa = PBXBuildFile; fileRef = D828F8CA12918BCF005CE8ED /* libexpat.dylib */; };
		D828F98012951232005CE8ED /* sqlite3.c in Sources */ = {isa = PBXBuildFile; fileRef = D828F97B12951232005CE8ED /* sqlite3.c */; };
		D828F98F129512FB005CE8ED /* sqlite3.c in Sources */ = {isa = PBXBuildFile; fileRef = D828F97B12951232005CE8ED /* sqlite3.c */; };
		D828F990129512FF005CE8ED /* shell.c in Sources */ = {isa = PBXBuildFile; fileRef = D828F97A12951232005CE8ED /* shell.c */; };
		D8444395128AC32400ACB9D5 /* QTKit.framework in Frameworks */ = {isa = PBXBuildFile; fileRef = D8444394128AC32400ACB9D5 /* QTKit.framework */; };
		D851B2E0127AA5C800C08AC9 /* main.clay in Sources */ = {isa = PBXBuildFile; fileRef = D851B2DC127AA5C800C08AC9 /* main.clay */; };
/* End PBXBuildFile section */

/* Begin PBXBuildRule section */
		D851B2D6127A9C2100C08AC9 /* PBXBuildRule */ = {
			isa = PBXBuildRule;
			compilerSpec = com.apple.compilers.proxy.script;
			filePatterns = "*.clay";
			fileType = pattern.proxy;
			isEditable = 1;
			outputFiles = (
				"$(DERIVED_FILES_DIR)/$(INPUT_FILE_BASE).$(CURRENT_ARCH).s",
			);
			script = "/usr/local/bin/clay-xcodebuild";
		};
/* End PBXBuildRule section */

/* Begin PBXFileReference section */
		089C165DFE840E0CC02AAC07 /* English */ = {isa = PBXFileReference; fileEncoding = 4; lastKnownFileType = text.plist.strings; name = English; path = English.lproj/InfoPlist.strings; sourceTree = "<group>"; };
		1058C7A1FEA54F0111CA2CBB /* Cocoa.framework */ = {isa = PBXFileReference; lastKnownFileType = wrapper.framework; name = Cocoa.framework; path = /System/Library/Frameworks/Cocoa.framework; sourceTree = "<absolute>"; };
		13E42FB307B3F0F600E4EEF1 /* CoreData.framework */ = {isa = PBXFileReference; lastKnownFileType = wrapper.framework; name = CoreData.framework; path = /System/Library/Frameworks/CoreData.framework; sourceTree = "<absolute>"; };
		1DDD58150DA1D0A300B32029 /* English */ = {isa = PBXFileReference; lastKnownFileType = file.xib; name = English; path = English.lproj/MainMenu.xib; sourceTree = "<group>"; };
		29B97324FDCFA39411CA2CEA /* AppKit.framework */ = {isa = PBXFileReference; lastKnownFileType = wrapper.framework; name = AppKit.framework; path = /System/Library/Frameworks/AppKit.framework; sourceTree = "<absolute>"; };
		29B97325FDCFA39411CA2CEA /* Foundation.framework */ = {isa = PBXFileReference; lastKnownFileType = wrapper.framework; name = Foundation.framework; path = /System/Library/Frameworks/Foundation.framework; sourceTree = "<absolute>"; };
		8D1107310486CEB800E47090 /* Vinyl-Info.plist */ = {isa = PBXFileReference; fileEncoding = 4; lastKnownFileType = text.plist.xml; path = "Vinyl-Info.plist"; sourceTree = "<group>"; };
		8D1107320486CEB800E47090 /* Vinyl.app */ = {isa = PBXFileReference; explicitFileType = wrapper.application; includeInIndex = 0; path = Vinyl.app; sourceTree = BUILT_PRODUCTS_DIR; };
		D828F8A912913795005CE8ED /* ItunesImportController.xib */ = {isa = PBXFileReference; lastKnownFileType = file.xib; path = ItunesImportController.xib; sourceTree = "<group>"; };
		D828F8CA12918BCF005CE8ED /* libexpat.dylib */ = {isa = PBXFileReference; lastKnownFileType = "compiled.mach-o.dylib"; name = libexpat.dylib; path = usr/lib/libexpat.dylib; sourceTree = SDKROOT; };
		D828F97A12951232005CE8ED /* shell.c */ = {isa = PBXFileReference; fileEncoding = 4; lastKnownFileType = sourcecode.c.c; path = shell.c; sourceTree = "<group>"; };
		D828F97B12951232005CE8ED /* sqlite3.c */ = {isa = PBXFileReference; fileEncoding = 4; lastKnownFileType = sourcecode.c.c; path = sqlite3.c; sourceTree = "<group>"; };
		D828F97C12951232005CE8ED /* sqlite3.def */ = {isa = PBXFileReference; fileEncoding = 4; lastKnownFileType = text; path = sqlite3.def; sourceTree = "<group>"; };
		D828F97D12951232005CE8ED /* sqlite3.h */ = {isa = PBXFileReference; fileEncoding = 4; lastKnownFileType = sourcecode.c.h; path = sqlite3.h; sourceTree = "<group>"; };
		D828F97E12951232005CE8ED /* sqlite3ext.h */ = {isa = PBXFileReference; fileEncoding = 4; lastKnownFileType = sourcecode.c.h; path = sqlite3ext.h; sourceTree = "<group>"; };
		D828F985129512E7005CE8ED /* sqlite3 */ = {isa = PBXFileReference; explicitFileType = "compiled.mach-o.executable"; includeInIndex = 0; path = sqlite3; sourceTree = BUILT_PRODUCTS_DIR; };
		D8444257127FD84700ACB9D5 /* libsqlite3.dylib */ = {isa = PBXFileReference; lastKnownFileType = "compiled.mach-o.dylib"; name = libsqlite3.dylib; path = usr/lib/libsqlite3.dylib; sourceTree = SDKROOT; };
		D8444394128AC32400ACB9D5 /* QTKit.framework */ = {isa = PBXFileReference; lastKnownFileType = wrapper.framework; name = QTKit.framework; path = System/Library/Frameworks/QTKit.framework; sourceTree = SDKROOT; };
		D851B2DC127AA5C800C08AC9 /* main.clay */ = {isa = PBXFileReference; fileEncoding = 4; lastKnownFileType = text; path = main.clay; sourceTree = "<group>"; };
		D851B2DD127AA5C800C08AC9 /* Vinyl */ = {isa = PBXFileReference; lastKnownFileType = folder; path = Vinyl; sourceTree = "<group>"; };
		D851B2E2127AA66C00C08AC9 /* NibInterfaces.h */ = {isa = PBXFileReference; fileEncoding = 4; lastKnownFileType = sourcecode.c.h; path = NibInterfaces.h; sourceTree = "<group>"; };
/* End PBXFileReference section */

/* Begin PBXFrameworksBuildPhase section */
		8D11072E0486CEB800E47090 /* Frameworks */ = {
			isa = PBXFrameworksBuildPhase;
			buildActionMask = 2147483647;
			files = (
				8D11072F0486CEB800E47090 /* Cocoa.framework in Frameworks */,
				D8444395128AC32400ACB9D5 /* QTKit.framework in Frameworks */,
				D828F8CB12918BCF005CE8ED /* libexpat.dylib in Frameworks */,
			);
			runOnlyForDeploymentPostprocessing = 0;
		};
		D828F983129512E7005CE8ED /* Frameworks */ = {
			isa = PBXFrameworksBuildPhase;
			buildActionMask = 2147483647;
			files = (
			);
			runOnlyForDeploymentPostprocessing = 0;
		};
/* End PBXFrameworksBuildPhase section */

/* Begin PBXGroup section */
		1058C7A0FEA54F0111CA2CBB /* Linked Frameworks */ = {
			isa = PBXGroup;
			children = (
				1058C7A1FEA54F0111CA2CBB /* Cocoa.framework */,
				D8444394128AC32400ACB9D5 /* QTKit.framework */,
				D828F8CA12918BCF005CE8ED /* libexpat.dylib */,
			);
			name = "Linked Frameworks";
			sourceTree = "<group>";
		};
		1058C7A2FEA54F0111CA2CBB /* Other Frameworks */ = {
			isa = PBXGroup;
			children = (
				D8444257127FD84700ACB9D5 /* libsqlite3.dylib */,
				13E42FB307B3F0F600E4EEF1 /* CoreData.framework */,
				29B97324FDCFA39411CA2CEA /* AppKit.framework */,
				29B97325FDCFA39411CA2CEA /* Foundation.framework */,
			);
			name = "Other Frameworks";
			sourceTree = "<group>";
		};
		19C28FACFE9D520D11CA2CBB /* Products */ = {
			isa = PBXGroup;
			children = (
				8D1107320486CEB800E47090 /* Vinyl.app */,
				D828F985129512E7005CE8ED /* sqlite3 */,
			);
			name = Products;
			sourceTree = "<group>";
		};
		29B97314FDCFA39411CA2CEA /* Vinyl */ = {
			isa = PBXGroup;
			children = (
				D851B2DB127AA55600C08AC9 /* Generated */,
				D851B2DA127AA54E00C08AC9 /* Sources */,
				29B97317FDCFA39411CA2CEA /* Resources */,
				29B97323FDCFA39411CA2CEA /* Frameworks */,
				19C28FACFE9D520D11CA2CBB /* Products */,
			);
			name = Vinyl;
			sourceTree = "<group>";
		};
		29B97317FDCFA39411CA2CEA /* Resources */ = {
			isa = PBXGroup;
			children = (
				8D1107310486CEB800E47090 /* Vinyl-Info.plist */,
				089C165CFE840E0CC02AAC07 /* InfoPlist.strings */,
				1DDD58140DA1D0A300B32029 /* MainMenu.xib */,
				D828F8A912913795005CE8ED /* ItunesImportController.xib */,
			);
			name = Resources;
			sourceTree = "<group>";
		};
		29B97323FDCFA39411CA2CEA /* Frameworks */ = {
			isa = PBXGroup;
			children = (
				1058C7A0FEA54F0111CA2CBB /* Linked Frameworks */,
				1058C7A2FEA54F0111CA2CBB /* Other Frameworks */,
			);
			name = Frameworks;
			sourceTree = "<group>";
		};
		D828F97912951232005CE8ED /* sqlite */ = {
			isa = PBXGroup;
			children = (
				D828F97A12951232005CE8ED /* shell.c */,
				D828F97B12951232005CE8ED /* sqlite3.c */,
				D828F97C12951232005CE8ED /* sqlite3.def */,
				D828F97D12951232005CE8ED /* sqlite3.h */,
				D828F97E12951232005CE8ED /* sqlite3ext.h */,
			);
			path = sqlite;
			sourceTree = "<group>";
		};
		D851B2DA127AA54E00C08AC9 /* Sources */ = {
			isa = PBXGroup;
			children = (
				D828F97912951232005CE8ED /* sqlite */,
				D851B2DC127AA5C800C08AC9 /* main.clay */,
				D851B2DD127AA5C800C08AC9 /* Vinyl */,
			);
			name = Sources;
			sourceTree = "<group>";
		};
		D851B2DB127AA55600C08AC9 /* Generated */ = {
			isa = PBXGroup;
			children = (
				D851B2E2127AA66C00C08AC9 /* NibInterfaces.h */,
			);
			name = Generated;
			sourceTree = "<group>";
		};
/* End PBXGroup section */

/* Begin PBXNativeTarget section */
		8D1107260486CEB800E47090 /* Vinyl */ = {
			isa = PBXNativeTarget;
			buildConfigurationList = C01FCF4A08A954540054247B /* Build configuration list for PBXNativeTarget "Vinyl" */;
			buildPhases = (
				8D1107290486CEB800E47090 /* Resources */,
				8D11072C0486CEB800E47090 /* Sources */,
				8D11072E0486CEB800E47090 /* Frameworks */,
			);
			buildRules = (
				D851B2D6127A9C2100C08AC9 /* PBXBuildRule */,
			);
			dependencies = (
			);
			name = Vinyl;
			productInstallPath = "$(HOME)/Applications";
			productName = Vinyl;
			productReference = 8D1107320486CEB800E47090 /* Vinyl.app */;
			productType = "com.apple.product-type.application";
		};
		D828F984129512E7005CE8ED /* sqlite3 */ = {
			isa = PBXNativeTarget;
			buildConfigurationList = D828F9911295131D005CE8ED /* Build configuration list for PBXNativeTarget "sqlite3" */;
			buildPhases = (
				D828F982129512E7005CE8ED /* Sources */,
				D828F983129512E7005CE8ED /* Frameworks */,
			);
			buildRules = (
			);
			dependencies = (
			);
			name = sqlite3;
			productName = sqlite3;
			productReference = D828F985129512E7005CE8ED /* sqlite3 */;
			productType = "com.apple.product-type.tool";
		};
/* End PBXNativeTarget section */

/* Begin PBXProject section */
		29B97313FDCFA39411CA2CEA /* Project object */ = {
			isa = PBXProject;
			buildConfigurationList = C01FCF4E08A954540054247B /* Build configuration list for PBXProject "Vinyl" */;
			compatibilityVersion = "Xcode 3.1";
			developmentRegion = English;
			hasScannedForEncodings = 1;
			knownRegions = (
				English,
				Japanese,
				French,
				German,
			);
			mainGroup = 29B97314FDCFA39411CA2CEA /* Vinyl */;
			projectDirPath = "";
			projectRoot = "";
			targets = (
				8D1107260486CEB800E47090 /* Vinyl */,
				D828F984129512E7005CE8ED /* sqlite3 */,
			);
		};
/* End PBXProject section */

/* Begin PBXResourcesBuildPhase section */
		8D1107290486CEB800E47090 /* Resources */ = {
			isa = PBXResourcesBuildPhase;
			buildActionMask = 2147483647;
			files = (
				8D11072B0486CEB800E47090 /* InfoPlist.strings in Resources */,
				1DDD58160DA1D0A300B32029 /* MainMenu.xib in Resources */,
				D828F8AA12913795005CE8ED /* ItunesImportController.xib in Resources */,
			);
			runOnlyForDeploymentPostprocessing = 0;
		};
/* End PBXResourcesBuildPhase section */

/* Begin PBXSourcesBuildPhase section */
		8D11072C0486CEB800E47090 /* Sources */ = {
			isa = PBXSourcesBuildPhase;
			buildActionMask = 2147483647;
			files = (
				D851B2E0127AA5C800C08AC9 /* main.clay in Sources */,
				D828F98012951232005CE8ED /* sqlite3.c in Sources */,
			);
			runOnlyForDeploymentPostprocessing = 0;
		};
		D828F982129512E7005CE8ED /* Sources */ = {
			isa = PBXSourcesBuildPhase;
			buildActionMask = 2147483647;
			files = (
				D828F98F129512FB005CE8ED /* sqlite3.c in Sources */,
				D828F990129512FF005CE8ED /* shell.c in Sources */,
			);
			runOnlyForDeploymentPostprocessing = 0;
		};
/* End PBXSourcesBuildPhase section */

/* Begin PBXVariantGroup section */
		089C165CFE840E0CC02AAC07 /* InfoPlist.strings */ = {
			isa = PBXVariantGroup;
			children = (
				089C165DFE840E0CC02AAC07 /* English */,
			);
			name = InfoPlist.strings;
			sourceTree = "<group>";
		};
		1DDD58140DA1D0A300B32029 /* MainMenu.xib */ = {
			isa = PBXVariantGroup;
			children = (
				1DDD58150DA1D0A300B32029 /* English */,
			);
			name = MainMenu.xib;
			sourceTree = "<group>";
		};
/* End PBXVariantGroup section */

/* Begin XCBuildConfiguration section */
		C01FCF4B08A954540054247B /* Debug */ = {
			isa = XCBuildConfiguration;
			buildSettings = {
				ALWAYS_SEARCH_USER_PATHS = NO;
				COPY_PHASE_STRIP = NO;
				GCC_DYNAMIC_NO_PIC = NO;
				GCC_ENABLE_FIX_AND_CONTINUE = YES;
				GCC_ENABLE_SYMBOL_SEPARATION = NO;
				GCC_MODEL_TUNING = G5;
				GCC_OPTIMIZATION_LEVEL = 0;
				GCC_PRECOMPILE_PREFIX_HEADER = YES;
				GCC_PREPROCESSOR_DEFINITIONS = (
					SQLITE_ENABLE_FTS3_PARENTHESIS,
					SQLITE_ENABLE_FTS3,
				);
				INFOPLIST_FILE = "Vinyl-Info.plist";
				INSTALL_PATH = "$(HOME)/Applications";
				PRODUCT_NAME = Vinyl;
			};
			name = Debug;
		};
		C01FCF4C08A954540054247B /* Release */ = {
			isa = XCBuildConfiguration;
			buildSettings = {
				ALWAYS_SEARCH_USER_PATHS = NO;
				DEBUG_INFORMATION_FORMAT = "dwarf-with-dsym";
				GCC_ENABLE_SYMBOL_SEPARATION = NO;
				GCC_MODEL_TUNING = G5;
				GCC_PRECOMPILE_PREFIX_HEADER = YES;
				GCC_PREPROCESSOR_DEFINITIONS = (
					SQLITE_ENABLE_FTS3_PARENTHESIS,
					SQLITE_ENABLE_FTS3,
				);
				INFOPLIST_FILE = "Vinyl-Info.plist";
				INSTALL_PATH = "$(HOME)/Applications";
				PRODUCT_NAME = Vinyl;
			};
			name = Release;
		};
		C01FCF4F08A954540054247B /* Debug */ = {
			isa = XCBuildConfiguration;
			buildSettings = {
				ARCHS = "$(ARCHS_STANDARD_32_64_BIT)";
				GCC_C_LANGUAGE_STANDARD = gnu99;
				GCC_OPTIMIZATION_LEVEL = 0;
				GCC_WARN_ABOUT_RETURN_TYPE = YES;
				GCC_WARN_UNUSED_VARIABLE = YES;
				ONLY_ACTIVE_ARCH = YES;
				PREBINDING = NO;
				SDKROOT = macosx10.6;
			};
			name = Debug;
		};
		C01FCF5008A954540054247B /* Release */ = {
			isa = XCBuildConfiguration;
			buildSettings = {
				ARCHS = "$(ARCHS_STANDARD_32_64_BIT)";
				GCC_C_LANGUAGE_STANDARD = gnu99;
				GCC_WARN_ABOUT_RETURN_TYPE = YES;
				GCC_WARN_UNUSED_VARIABLE = YES;
				PREBINDING = NO;
				SDKROOT = macosx10.6;
			};
			name = Release;
		};
		D828F987129512E8005CE8ED /* Debug */ = {
			isa = XCBuildConfiguration;
			buildSettings = {
				ALWAYS_SEARCH_USER_PATHS = NO;
				COPY_PHASE_STRIP = NO;
				GCC_DYNAMIC_NO_PIC = NO;
				GCC_ENABLE_FIX_AND_CONTINUE = YES;
				GCC_MODEL_TUNING = G5;
				GCC_OPTIMIZATION_LEVEL = 0;
				GCC_PREPROCESSOR_DEFINITIONS = (
					SQLITE_ENABLE_FTS3_PARENTHESIS,
					SQLITE_ENABLE_FTS3,
				);
				HEADER_SEARCH_PATHS = sqlite;
				INSTALL_PATH = /usr/local/bin;
				PREBINDING = NO;
				PRODUCT_NAME = sqlite3;
			};
			name = Debug;
		};
		D828F988129512E8005CE8ED /* Release */ = {
			isa = XCBuildConfiguration;
			buildSettings = {
				ALWAYS_SEARCH_USER_PATHS = NO;
				COPY_PHASE_STRIP = YES;
				DEBUG_INFORMATION_FORMAT = "dwarf-with-dsym";
				GCC_ENABLE_FIX_AND_CONTINUE = NO;
				GCC_MODEL_TUNING = G5;
				GCC_PREPROCESSOR_DEFINITIONS = (
					SQLITE_ENABLE_FTS3_PARENTHESIS,
					SQLITE_ENABLE_FTS3,
				);
				HEADER_SEARCH_PATHS = sqlite;
				INSTALL_PATH = /usr/local/bin;
				PREBINDING = NO;
				PRODUCT_NAME = sqlite3;
				ZERO_LINK = NO;
			};
			name = Release;
		};
/* End XCBuildConfiguration section */

/* Begin XCConfigurationList section */
		C01FCF4A08A954540054247B /* Build configuration list for PBXNativeTarget "Vinyl" */ = {
			isa = XCConfigurationList;
			buildConfigurations = (
				C01FCF4B08A954540054247B /* Debug */,
				C01FCF4C08A954540054247B /* Release */,
			);
			defaultConfigurationIsVisible = 0;
			defaultConfigurationName = Release;
		};
		C01FCF4E08A954540054247B /* Build configuration list for PBXProject "Vinyl" */ = {
			isa = XCConfigurationList;
			buildConfigurations = (
				C01FCF4F08A954540054247B /* Debug */,
				C01FCF5008A954540054247B /* Release */,
			);
			defaultConfigurationIsVisible = 0;
			defaultConfigurationName = Release;
		};
		D828F9911295131D005CE8ED /* Build configuration list for PBXNativeTarget "sqlite3" */ = {
			isa = XCConfigurationList;
			buildConfigurations = (
				D828F987129512E8005CE8ED /* Debug */,
				D828F988129512E8005CE8ED /* Release */,
			);
			defaultConfigurationIsVisible = 0;
			defaultConfigurationName = Release;
		};
/* End XCConfigurationList section */
	};
	rootObject = 29B97313FDCFA39411CA2CEA /* Project object */;
}
